{
  "name": "hanzi-to-pinyin",
  "version": "1.0.0",
  "lockfileVersion": 3,
  "requires": true,
  "packages": {
    "": {
      "name": "hanzi-to-pinyin",
      "version": "1.0.0",
      "license": "ISC",
      "dependencies": {
        "google-translate-api-x": "^10.7.3",
        "pinyin-pro": "^3.28.1"
      },
      "bin": {
        "pinyin": "index.js"
      }
    },
    "node_modules/google-translate-api-x": {
      "version": "10.7.3",
      "resolved": "https://registry.npmjs.org/google-translate-api-x/-/google-translate-api-x-10.7.3.tgz",
      "integrity": "sha512-UCLhGMyzUiQQJuUjw6KM4scl4WJjMq5kYbq3eqLHB0KB96XBQ+VV7L/NUpJ9eMfVxXswXxA6xWhAX1h1OdDLZg==",
      "license": "MIT",
      "engines": {
        "node": ">=21.0.0"
      },
      "funding": {
        "type": "github",
        "url": "https://github.com/sponsors/AidanWelch"
      }
    },
    "node_modules/pinyin-pro": {
      "version": "3.28.1",
      "resolved": "https://registry.npmjs.org/pinyin-pro/-/pinyin-pro-3.28.1.tgz",
      "integrity": "sha512-oqz8ulwRgtUXRi0vbqEfGNly19zpyCxYrjhkk5TibGcgSW6eNwS5woajCXRwqURi8Ehc2yOFTiB4uNoZ+NJOnA==",
      "license": "MIT"
    }
  }
}
